
Microsoft Visual Studio Solution File, Format Version 12.00
# Visual Studio 15
VisualStudioVersion = 15.0.28307.1267
MinimumVisualStudioVersion = 10.0.40219.1
Project("{FAE04EC0-301F-11D3-BF4B-00C04F79EFBC}") = "ScreenSaver", "ScreenSaver\ScreenSaver.csproj", "{4734A36F-AA1D-48D6-B6C3-A793832E8860}"
EndProject
Project("{FAE04EC0-301F-11D3-BF4B-00C04F79EFBC}") = "Clock", "Clock\Clock.csproj", "{89719554-E64F-43B7-8EDF-085E0D76ADB2}"
EndProject
Global
	GlobalSection(SolutionConfigurationPlatforms) = preSolution
		Debug|Any CPU = Debug|Any CPU
		Release|Any CPU = Release|Any CPU
	EndGlobalSection
	GlobalSection(ProjectConfigurationPlatforms) = postSolution
		{4734A36F-AA1D-48D6-B6C3-A793832E8860}.Debug|Any CPU.ActiveCfg = Debug|Any CPU
		{4734A36F-AA1D-48D6-B6C3-A793832E8860}.Debug|Any CPU.Build.0 = Debug|Any CPU
		{4734A36F-AA1D-48D6-B6C3-A793832E8860}.Release|Any CPU.ActiveCfg = Release|Any CPU
		{4734A36F-AA1D-48D6-B6C3-A793832E8860}.Release|Any CPU.Build.0 = Release|Any CPU
		{89719554-E64F-43B7-8EDF-085E0D76ADB2}.Debug|Any CPU.ActiveCfg = Debug|Any CPU
		{89719554-E64F-43B7-8EDF-085E0D76ADB2}.Debug|Any CPU.Build.0 = Debug|Any CPU
		{89719554-E64F-43B7-8EDF-085E0D76ADB2}.Release|Any CPU.ActiveCfg = Release|Any CPU
		{89719554-E64F-43B7-8EDF-085E0D76ADB2}.Release|Any CPU.Build.0 = Release|Any CPU
	EndGlobalSection
	GlobalSection(SolutionProperties) = preSolution
		HideSolutionNode = FALSE
	EndGlobalSection
	GlobalSection(ExtensibilityGlobals) = postSolution
		SolutionGuid = {E0522C6D-A0EB-4F52-9321-C9F06D56D906}
	EndGlobalSection
EndGlobal
